
Microsoft Visual Studio Solution File, Format Version 12.00
# Visual Studio 15
VisualStudioVersion = 15.0.26730.10
MinimumVisualStudioVersion = 10.0.40219.1
Project("{FAE04EC0-301F-11D3-BF4B-00C04F79EFBC}") = "ReservaFacil", "ReservaFacil\ReservaFacil.csproj", "{9467693E-C552-448B-8A8D-D8ABDFF67962}"
EndProject
Global
	GlobalSection(SolutionConfigurationPlatforms) = preSolution
		Debug|Any CPU = Debug|Any CPU
		Release|Any CPU = Release|Any CPU
	EndGlobalSection
	GlobalSection(ProjectConfigurationPlatforms) = postSolution
		{9467693E-C552-448B-8A8D-D8ABDFF67962}.Debug|Any CPU.ActiveCfg = Debug|Any CPU
		{9467693E-C552-448B-8A8D-D8ABDFF67962}.Debug|Any CPU.Build.0 = Debug|Any CPU
		{9467693E-C552-448B-8A8D-D8ABDFF67962}.Release|Any CPU.ActiveCfg = Release|Any CPU
		{9467693E-C552-448B-8A8D-D8ABDFF67962}.Release|Any CPU.Build.0 = Release|Any CPU
	EndGlobalSection
	GlobalSection(SolutionProperties) = preSolution
		HideSolutionNode = FALSE
	EndGlobalSection
	GlobalSection(ExtensibilityGlobals) = postSolution
		SolutionGuid = {A778F933-D35C-4645-AEE7-75DE9EB05A29}
	EndGlobalSection
EndGlobal
